
Microsoft Visual Studio Solution File, Format Version 12.00
# Visual Studio Version 17
VisualStudioVersion = 17.0.31903.59
MinimumVisualStudioVersion = 10.0.40219.1
Project("{FAE04EC0-301F-11D3-BF4B-00C04F79EFBC}") = "MilanAuth", "MilanAuth\MilanAuth.csproj", "{16DDEF73-C369-40D2-8775-02FFE05273A8}"
EndProject
Project("{E53339B2-1760-4266-BCC7-CA923CBCF16C}") = "docker-compose", "docker-compose.dcproj", "{81DDED9D-158B-E303-5F62-77A2896D2A5A}"
EndProject
Project("{FAE04EC0-301F-11D3-BF4B-00C04F79EFBC}") = "EventDispatcher.Core", "EventDispatcher.Core\EventDispatcher.Core.csproj", "{23C06163-4B4E-486F-9326-52E0B437816D}"
EndProject
Global
	GlobalSection(SolutionConfigurationPlatforms) = preSolution
		Debug|Any CPU = Debug|Any CPU
		Debug|x64 = Debug|x64
		Debug|x86 = Debug|x86
		Release|Any CPU = Release|Any CPU
		Release|x64 = Release|x64
		Release|x86 = Release|x86
	EndGlobalSection
	GlobalSection(ProjectConfigurationPlatforms) = postSolution
		{16DDEF73-C369-40D2-8775-02FFE05273A8}.Debug|Any CPU.ActiveCfg = Debug|Any CPU
		{16DDEF73-C369-40D2-8775-02FFE05273A8}.Debug|Any CPU.Build.0 = Debug|Any CPU
		{16DDEF73-C369-40D2-8775-02FFE05273A8}.Debug|x64.ActiveCfg = Debug|Any CPU
		{16DDEF73-C369-40D2-8775-02FFE05273A8}.Debug|x64.Build.0 = Debug|Any CPU
		{16DDEF73-C369-40D2-8775-02FFE05273A8}.Debug|x86.ActiveCfg = Debug|Any CPU
		{16DDEF73-C369-40D2-8775-02FFE05273A8}.Debug|x86.Build.0 = Debug|Any CPU
		{16DDEF73-C369-40D2-8775-02FFE05273A8}.Release|Any CPU.ActiveCfg = Release|Any CPU
		{16DDEF73-C369-40D2-8775-02FFE05273A8}.Release|Any CPU.Build.0 = Release|Any CPU
		{16DDEF73-C369-40D2-8775-02FFE05273A8}.Release|x64.ActiveCfg = Release|Any CPU
		{16DDEF73-C369-40D2-8775-02FFE05273A8}.Release|x64.Build.0 = Release|Any CPU
		{16DDEF73-C369-40D2-8775-02FFE05273A8}.Release|x86.ActiveCfg = Release|Any CPU
		{16DDEF73-C369-40D2-8775-02FFE05273A8}.Release|x86.Build.0 = Release|Any CPU
		{81DDED9D-158B-E303-5F62-77A2896D2A5A}.Debug|Any CPU.ActiveCfg = Debug|Any CPU
		{81DDED9D-158B-E303-5F62-77A2896D2A5A}.Debug|Any CPU.Build.0 = Debug|Any CPU
		{81DDED9D-158B-E303-5F62-77A2896D2A5A}.Debug|x64.ActiveCfg = Debug|Any CPU
		{81DDED9D-158B-E303-5F62-77A2896D2A5A}.Debug|x64.Build.0 = Debug|Any CPU
		{81DDED9D-158B-E303-5F62-77A2896D2A5A}.Debug|x86.ActiveCfg = Debug|Any CPU
		{81DDED9D-158B-E303-5F62-77A2896D2A5A}.Debug|x86.Build.0 = Debug|Any CPU
		{81DDED9D-158B-E303-5F62-77A2896D2A5A}.Release|Any CPU.ActiveCfg = Release|Any CPU
		{81DDED9D-158B-E303-5F62-77A2896D2A5A}.Release|Any CPU.Build.0 = Release|Any CPU
		{81DDED9D-158B-E303-5F62-77A2896D2A5A}.Release|x64.ActiveCfg = Release|Any CPU
		{81DDED9D-158B-E303-5F62-77A2896D2A5A}.Release|x64.Build.0 = Release|Any CPU
		{81DDED9D-158B-E303-5F62-77A2896D2A5A}.Release|x86.ActiveCfg = Release|Any CPU
		{81DDED9D-158B-E303-5F62-77A2896D2A5A}.Release|x86.Build.0 = Release|Any CPU
		{23C06163-4B4E-486F-9326-52E0B437816D}.Debug|Any CPU.ActiveCfg = Debug|Any CPU
		{23C06163-4B4E-486F-9326-52E0B437816D}.Debug|Any CPU.Build.0 = Debug|Any CPU
		{23C06163-4B4E-486F-9326-52E0B437816D}.Debug|x64.ActiveCfg = Debug|Any CPU
		{23C06163-4B4E-486F-9326-52E0B437816D}.Debug|x64.Build.0 = Debug|Any CPU
		{23C06163-4B4E-486F-9326-52E0B437816D}.Debug|x86.ActiveCfg = Debug|Any CPU
		{23C06163-4B4E-486F-9326-52E0B437816D}.Debug|x86.Build.0 = Debug|Any CPU
		{23C06163-4B4E-486F-9326-52E0B437816D}.Release|Any CPU.ActiveCfg = Release|Any CPU
		{23C06163-4B4E-486F-9326-52E0B437816D}.Release|Any CPU.Build.0 = Release|Any CPU
		{23C06163-4B4E-486F-9326-52E0B437816D}.Release|x64.ActiveCfg = Release|Any CPU
		{23C06163-4B4E-486F-9326-52E0B437816D}.Release|x64.Build.0 = Release|Any CPU
		{23C06163-4B4E-486F-9326-52E0B437816D}.Release|x86.ActiveCfg = Release|Any CPU
		{23C06163-4B4E-486F-9326-52E0B437816D}.Release|x86.Build.0 = Release|Any CPU
	EndGlobalSection
	GlobalSection(SolutionProperties) = preSolution
		HideSolutionNode = FALSE
	EndGlobalSection
EndGlobal
